
Microsoft Visual Studio Solution File, Format Version 12.00
# Visual Studio Version 16
VisualStudioVersion = 16.0.30114.105
MinimumVisualStudioVersion = 10.0.40219.1
Project("{2150E333-8FDC-42A3-9474-1A3956D46DE8}") = "src", "src", "{A2CEFDCE-50AF-4A60-B09B-F78F8E4D86E9}"
EndProject
Project("{2150E333-8FDC-42A3-9474-1A3956D46DE8}") = "Api", "Api", "{0FCEAFF1-1E13-46B7-8DDA-F74CB633E24A}"
EndProject
Project("{FAE04EC0-301F-11D3-BF4B-00C04F79EFBC}") = "ScroW.Api", "src\Api\ScroW.Api\ScroW.Api.csproj", "{869253A1-C7B9-4439-9752-CFAA7EDE6148}"
EndProject
Project("{2150E333-8FDC-42A3-9474-1A3956D46DE8}") = "Core", "Core", "{C41E1036-3340-40E3-A9AD-7846856465A8}"
EndProject
Project("{FAE04EC0-301F-11D3-BF4B-00C04F79EFBC}") = "ScroW.Application", "src\Core\ScroW.Application\ScroW.Application.csproj", "{FD323B27-8821-4489-9404-09D1C43E5928}"
EndProject
Project("{2150E333-8FDC-42A3-9474-1A3956D46DE8}") = "Infrastructure", "Infrastructure", "{BDF0C79A-BCB0-471E-9EF9-2C0139558A7A}"
EndProject
Project("{FAE04EC0-301F-11D3-BF4B-00C04F79EFBC}") = "ScroW.Infrastructure", "src\Infrastructure\ScroW.Infrastructure\ScroW.Infrastructure.csproj", "{F2E936F6-B821-4F19-AB99-78EC32508461}"
EndProject
Project("{2150E333-8FDC-42A3-9474-1A3956D46DE8}") = "tests", "tests", "{77B61288-0DF8-46E1-B7D7-9C28BA1D3B95}"
EndProject
Project("{FAE04EC0-301F-11D3-BF4B-00C04F79EFBC}") = "ScroW.Api.IntegrationTests", "tests\ScroW.Api.IntegrationTests\ScroW.Api.IntegrationTests.csproj", "{0AE49323-EBB3-4494-A23C-8A7A2AF93604}"
EndProject
Project("{FAE04EC0-301F-11D3-BF4B-00C04F79EFBC}") = "ScroW.Api.PerformanceTests", "tests\ScroW.Api.PerformanceTests\ScroW.Api.PerformanceTests.csproj", "{172379AF-1532-4E52-AE31-3EE7653141B6}"
EndProject
Global
	GlobalSection(SolutionConfigurationPlatforms) = preSolution
		Debug|Any CPU = Debug|Any CPU
		Release|Any CPU = Release|Any CPU
	EndGlobalSection
	GlobalSection(SolutionProperties) = preSolution
		HideSolutionNode = FALSE
	EndGlobalSection
	GlobalSection(ProjectConfigurationPlatforms) = postSolution
		{869253A1-C7B9-4439-9752-CFAA7EDE6148}.Debug|Any CPU.ActiveCfg = Debug|Any CPU
		{869253A1-C7B9-4439-9752-CFAA7EDE6148}.Debug|Any CPU.Build.0 = Debug|Any CPU
		{869253A1-C7B9-4439-9752-CFAA7EDE6148}.Release|Any CPU.ActiveCfg = Release|Any CPU
		{869253A1-C7B9-4439-9752-CFAA7EDE6148}.Release|Any CPU.Build.0 = Release|Any CPU
		{FD323B27-8821-4489-9404-09D1C43E5928}.Debug|Any CPU.ActiveCfg = Debug|Any CPU
		{FD323B27-8821-4489-9404-09D1C43E5928}.Debug|Any CPU.Build.0 = Debug|Any CPU
		{FD323B27-8821-4489-9404-09D1C43E5928}.Release|Any CPU.ActiveCfg = Release|Any CPU
		{FD323B27-8821-4489-9404-09D1C43E5928}.Release|Any CPU.Build.0 = Release|Any CPU
		{F2E936F6-B821-4F19-AB99-78EC32508461}.Debug|Any CPU.ActiveCfg = Debug|Any CPU
		{F2E936F6-B821-4F19-AB99-78EC32508461}.Debug|Any CPU.Build.0 = Debug|Any CPU
		{F2E936F6-B821-4F19-AB99-78EC32508461}.Release|Any CPU.ActiveCfg = Release|Any CPU
		{F2E936F6-B821-4F19-AB99-78EC32508461}.Release|Any CPU.Build.0 = Release|Any CPU
		{0AE49323-EBB3-4494-A23C-8A7A2AF93604}.Debug|Any CPU.ActiveCfg = Debug|Any CPU
		{0AE49323-EBB3-4494-A23C-8A7A2AF93604}.Debug|Any CPU.Build.0 = Debug|Any CPU
		{0AE49323-EBB3-4494-A23C-8A7A2AF93604}.Release|Any CPU.ActiveCfg = Release|Any CPU
		{0AE49323-EBB3-4494-A23C-8A7A2AF93604}.Release|Any CPU.Build.0 = Release|Any CPU
		{172379AF-1532-4E52-AE31-3EE7653141B6}.Debug|Any CPU.ActiveCfg = Debug|Any CPU
		{172379AF-1532-4E52-AE31-3EE7653141B6}.Debug|Any CPU.Build.0 = Debug|Any CPU
		{172379AF-1532-4E52-AE31-3EE7653141B6}.Release|Any CPU.ActiveCfg = Release|Any CPU
		{172379AF-1532-4E52-AE31-3EE7653141B6}.Release|Any CPU.Build.0 = Release|Any CPU
	EndGlobalSection
	GlobalSection(NestedProjects) = preSolution
		{0FCEAFF1-1E13-46B7-8DDA-F74CB633E24A} = {A2CEFDCE-50AF-4A60-B09B-F78F8E4D86E9}
		{869253A1-C7B9-4439-9752-CFAA7EDE6148} = {0FCEAFF1-1E13-46B7-8DDA-F74CB633E24A}
		{C41E1036-3340-40E3-A9AD-7846856465A8} = {A2CEFDCE-50AF-4A60-B09B-F78F8E4D86E9}
		{FD323B27-8821-4489-9404-09D1C43E5928} = {C41E1036-3340-40E3-A9AD-7846856465A8}
		{BDF0C79A-BCB0-471E-9EF9-2C0139558A7A} = {A2CEFDCE-50AF-4A60-B09B-F78F8E4D86E9}
		{F2E936F6-B821-4F19-AB99-78EC32508461} = {BDF0C79A-BCB0-471E-9EF9-2C0139558A7A}
		{F0249491-03D2-499B-8B1E-90B956B2CEAB} = {77B61288-0DF8-46E1-B7D7-9C28BA1D3B95}
		{0AE49323-EBB3-4494-A23C-8A7A2AF93604} = {77B61288-0DF8-46E1-B7D7-9C28BA1D3B95}
		{172379AF-1532-4E52-AE31-3EE7653141B6} = {77B61288-0DF8-46E1-B7D7-9C28BA1D3B95}
	EndGlobalSection
EndGlobal
